// !$*UTF8*$!
{
	archiveVersion = 1;
	classes = {
	};
	objectVersion = 46;
	objects = {

/* Begin PBXBuildFile section */
		1E90668C1CA2E37700A022F3 /* AppDelegate.swift in Sources */ = {isa = PBXBuildFile; fileRef = 1E90668B1CA2E37700A022F3 /* AppDelegate.swift */; };
		1E9066911CA2E37700A022F3 /* Main.storyboard in Resources */ = {isa = PBXBuildFile; fileRef = 1E90668F1CA2E37700A022F3 /* Main.storyboard */; };
		1E9066931CA2E37800A022F3 /* Assets.xcassets in Resources */ = {isa = PBXBuildFile; fileRef = 1E9066921CA2E37800A022F3 /* Assets.xcassets */; };
		1E9066961CA2E37800A022F3 /* LaunchScreen.storyboard in Resources */ = {isa = PBXBuildFile; fileRef = 1E9066941CA2E37800A022F3 /* LaunchScreen.storyboard */; };
		1E90669E1CA2E3D300A022F3 /* QualyTableViewController.swift in Sources */ = {isa = PBXBuildFile; fileRef = 1E90669D1CA2E3D300A022F3 /* QualyTableViewController.swift */; };
		1E9066A21CA2EABE00A022F3 /* TimesViewController.swift in Sources */ = {isa = PBXBuildFile; fileRef = 1E9066A11CA2EABE00A022F3 /* TimesViewController.swift */; };
		1E9066A41CA553D000A022F3 /* Driver.swift in Sources */ = {isa = PBXBuildFile; fileRef = 1E9066A31CA553D000A022F3 /* Driver.swift */; };
		1E9066A61CA55ED800A022F3 /* DriverTableViewCell.swift in Sources */ = {isa = PBXBuildFile; fileRef = 1E9066A51CA55ED800A022F3 /* DriverTableViewCell.swift */; };
		1E9066AA1CA5859500A022F3 /* GrandPrix.swift in Sources */ = {isa = PBXBuildFile; fileRef = 1E9066A91CA5859500A022F3 /* GrandPrix.swift */; };
/* End PBXBuildFile section */

/* Begin PBXFileReference section */
		1E9066881CA2E37700A022F3 /* Qualy.app */ = {isa = PBXFileReference; explicitFileType = wrapper.application; includeInIndex = 0; path = Qualy.app; sourceTree = BUILT_PRODUCTS_DIR; };
		1E90668B1CA2E37700A022F3 /* AppDelegate.swift */ = {isa = PBXFileReference; lastKnownFileType = sourcecode.swift; path = AppDelegate.swift; sourceTree = "<group>"; };
		1E9066901CA2E37700A022F3 /* Base */ = {isa = PBXFileReference; lastKnownFileType = file.storyboard; name = Base; path = Base.lproj/Main.storyboard; sourceTree = "<group>"; };
		1E9066921CA2E37800A022F3 /* Assets.xcassets */ = {isa = PBXFileReference; lastKnownFileType = folder.assetcatalog; path = Assets.xcassets; sourceTree = "<group>"; };
		1E9066951CA2E37800A022F3 /* Base */ = {isa = PBXFileReference; lastKnownFileType = file.storyboard; name = Base; path = Base.lproj/LaunchScreen.storyboard; sourceTree = "<group>"; };
		1E9066971CA2E37800A022F3 /* Info.plist */ = {isa = PBXFileReference; lastKnownFileType = text.plist.xml; path = Info.plist; sourceTree = "<group>"; };
		1E90669D1CA2E3D300A022F3 /* QualyTableViewController.swift */ = {isa = PBXFileReference; fileEncoding = 4; lastKnownFileType = sourcecode.swift; path = QualyTableViewController.swift; sourceTree = "<group>"; };
		1E9066A11CA2EABE00A022F3 /* TimesViewController.swift */ = {isa = PBXFileReference; fileEncoding = 4; lastKnownFileType = sourcecode.swift; path = TimesViewController.swift; sourceTree = "<group>"; };
		1E9066A31CA553D000A022F3 /* Driver.swift */ = {isa = PBXFileReference; fileEncoding = 4; lastKnownFileType = sourcecode.swift; path = Driver.swift; sourceTree = "<group>"; };
		1E9066A51CA55ED800A022F3 /* DriverTableViewCell.swift */ = {isa = PBXFileReference; fileEncoding = 4; lastKnownFileType = sourcecode.swift; path = DriverTableViewCell.swift; sourceTree = "<group>"; };
		1E9066A91CA5859500A022F3 /* GrandPrix.swift */ = {isa = PBXFileReference; fileEncoding = 4; lastKnownFileType = sourcecode.swift; path = GrandPrix.swift; sourceTree = "<group>"; };
/* End PBXFileReference section */

/* Begin PBXFrameworksBuildPhase section */
		1E9066851CA2E37700A022F3 /* Frameworks */ = {
			isa = PBXFrameworksBuildPhase;
			buildActionMask = 2147483647;
			files = (
			);
			runOnlyForDeploymentPostprocessing = 0;
		};
/* End PBXFrameworksBuildPhase section */

/* Begin PBXGroup section */
		1E90667F1CA2E37700A022F3 = {
			isa = PBXGroup;
			children = (
				1E90668A1CA2E37700A022F3 /* Qualy */,
				1E9066891CA2E37700A022F3 /* Products */,
			);
			sourceTree = "<group>";
		};
		1E9066891CA2E37700A022F3 /* Products */ = {
			isa = PBXGroup;
			children = (
				1E9066881CA2E37700A022F3 /* Qualy.app */,
			);
			name = Products;
			sourceTree = "<group>";
		};
		1E90668A1CA2E37700A022F3 /* Qualy */ = {
			isa = PBXGroup;
			children = (
				1E90668B1CA2E37700A022F3 /* AppDelegate.swift */,
				1E90668F1CA2E37700A022F3 /* Main.storyboard */,
				1E9066A91CA5859500A022F3 /* GrandPrix.swift */,
				1E9066A31CA553D000A022F3 /* Driver.swift */,
				1E90669D1CA2E3D300A022F3 /* QualyTableViewController.swift */,
				1E9066A11CA2EABE00A022F3 /* TimesViewController.swift */,
				1E9066A51CA55ED800A022F3 /* DriverTableViewCell.swift */,
				1E9066921CA2E37800A022F3 /* Assets.xcassets */,
				1E9066941CA2E37800A022F3 /* LaunchScreen.storyboard */,
				1E9066971CA2E37800A022F3 /* Info.plist */,
			);
			path = Qualy;
			sourceTree = "<group>";
		};
/* End PBXGroup section */

/* Begin PBXNativeTarget section */
		1E9066871CA2E37700A022F3 /* Qualy */ = {
			isa = PBXNativeTarget;
			buildConfigurationList = 1E90669A1CA2E37800A022F3 /* Build configuration list for PBXNativeTarget "Qualy" */;
			buildPhases = (
				1E9066841CA2E37700A022F3 /* Sources */,
				1E9066851CA2E37700A022F3 /* Frameworks */,
				1E9066861CA2E37700A022F3 /* Resources */,
			);
			buildRules = (
			);
			dependencies = (
			);
			name = Qualy;
			productName = Qualy;
			productReference = 1E9066881CA2E37700A022F3 /* Qualy.app */;
			productType = "com.apple.product-type.application";
		};
/* End PBXNativeTarget section */

/* Begin PBXProject section */
		1E9066801CA2E37700A022F3 /* Project object */ = {
			isa = PBXProject;
			attributes = {
				LastSwiftUpdateCheck = 0730;
				LastUpgradeCheck = 0730;
				ORGANIZATIONNAME = iSOS;
				TargetAttributes = {
					1E9066871CA2E37700A022F3 = {
						CreatedOnToolsVersion = 7.3;
					};
				};
			};
			buildConfigurationList = 1E9066831CA2E37700A022F3 /* Build configuration list for PBXProject "Qualy" */;
			compatibilityVersion = "Xcode 3.2";
			developmentRegion = English;
			hasScannedForEncodings = 0;
			knownRegions = (
				en,
				Base,
			);
			mainGroup = 1E90667F1CA2E37700A022F3;
			productRefGroup = 1E9066891CA2E37700A022F3 /* Products */;
			projectDirPath = "";
			projectRoot = "";
			targets = (
				1E9066871CA2E37700A022F3 /* Qualy */,
			);
		};
/* End PBXProject section */

/* Begin PBXResourcesBuildPhase section */
		1E9066861CA2E37700A022F3 /* Resources */ = {
			isa = PBXResourcesBuildPhase;
			buildActionMask = 2147483647;
			files = (
				1E9066961CA2E37800A022F3 /* LaunchScreen.storyboard in Resources */,
				1E9066931CA2E37800A022F3 /* Assets.xcassets in Resources */,
				1E9066911CA2E37700A022F3 /* Main.storyboard in Resources */,
			);
			runOnlyForDeploymentPostprocessing = 0;
		};
/* End PBXResourcesBuildPhase section */

/* Begin PBXSourcesBuildPhase section */
		1E9066841CA2E37700A022F3 /* Sources */ = {
			isa = PBXSourcesBuildPhase;
			buildActionMask = 2147483647;
			files = (
				1E9066A41CA553D000A022F3 /* Driver.swift in Sources */,
				1E9066A61CA55ED800A022F3 /* DriverTableViewCell.swift in Sources */,
				1E90669E1CA2E3D300A022F3 /* QualyTableViewController.swift in Sources */,
				1E9066AA1CA5859500A022F3 /* GrandPrix.swift in Sources */,
				1E9066A21CA2EABE00A022F3 /* TimesViewController.swift in Sources */,
				1E90668C1CA2E37700A022F3 /* AppDelegate.swift in Sources */,
			);
			runOnlyForDeploymentPostprocessing = 0;
		};
/* End PBXSourcesBuildPhase section */

/* Begin PBXVariantGroup section */
		1E90668F1CA2E37700A022F3 /* Main.storyboard */ = {
			isa = PBXVariantGroup;
			children = (
				1E9066901CA2E37700A022F3 /* Base */,
			);
			name = Main.storyboard;
			sourceTree = "<group>";
		};
		1E9066941CA2E37800A022F3 /* LaunchScreen.storyboard */ = {
			isa = PBXVariantGroup;
			children = (
				1E9066951CA2E37800A022F3 /* Base */,
			);
			name = LaunchScreen.storyboard;
			sourceTree = "<group>";
		};
/* End PBXVariantGroup section */

/* Begin XCBuildConfiguration section */
		1E9066981CA2E37800A022F3 /* Debug */ = {
			isa = XCBuildConfiguration;
			buildSettings = {
				ALWAYS_SEARCH_USER_PATHS = NO;
				CLANG_ANALYZER_NONNULL = YES;
				CLANG_CXX_LANGUAGE_STANDARD = "gnu++0x";
				CLANG_CXX_LIBRARY = "libc++";
				CLANG_ENABLE_MODULES = YES;
				CLANG_ENABLE_OBJC_ARC = YES;
				CLANG_WARN_BOOL_CONVERSION = YES;
				CLANG_WARN_CONSTANT_CONVERSION = YES;
				CLANG_WARN_DIRECT_OBJC_ISA_USAGE = YES_ERROR;
				CLANG_WARN_EMPTY_BODY = YES;
				CLANG_WARN_ENUM_CONVERSION = YES;
				CLANG_WARN_INT_CONVERSION = YES;
				CLANG_WARN_OBJC_ROOT_CLASS = YES_ERROR;
				CLANG_WARN_UNREACHABLE_CODE = YES;
				CLANG_WARN__DUPLICATE_METHOD_MATCH = YES;
				"CODE_SIGN_IDENTITY[sdk=iphoneos*]" = "iPhone Developer";
				COPY_PHASE_STRIP = NO;
				DEBUG_INFORMATION_FORMAT = dwarf;
				ENABLE_STRICT_OBJC_MSGSEND = YES;
				ENABLE_TESTABILITY = YES;
				GCC_C_LANGUAGE_STANDARD = gnu99;
				GCC_DYNAMIC_NO_PIC = NO;
				GCC_NO_COMMON_BLOCKS = YES;
				GCC_OPTIMIZATION_LEVEL = 0;
				GCC_PREPROCESSOR_DEFINITIONS = (
					"DEBUG=1",
					"$(inherited)",
				);
				GCC_WARN_64_TO_32_BIT_CONVERSION = YES;
				GCC_WARN_ABOUT_RETURN_TYPE = YES_ERROR;
				GCC_WARN_UNDECLARED_SELECTOR = YES;
				GCC_WARN_UNINITIALIZED_AUTOS = YES_AGGRESSIVE;
				GCC_WARN_UNUSED_FUNCTION = YES;
				GCC_WARN_UNUSED_VARIABLE = YES;
				IPHONEOS_DEPLOYMENT_TARGET = 9.3;
				MTL_ENABLE_DEBUG_INFO = YES;
				ONLY_ACTIVE_ARCH = YES;
				SDKROOT = iphoneos;
				SWIFT_OPTIMIZATION_LEVEL = "-Onone";
				TARGETED_DEVICE_FAMILY = "1,2";
			};
			name = Debug;
		};
		1E9066991CA2E37800A022F3 /* Release */ = {
			isa = XCBuildConfiguration;
			buildSettings = {
				ALWAYS_SEARCH_USER_PATHS = NO;
				CLANG_ANALYZER_NONNULL = YES;
				CLANG_CXX_LANGUAGE_STANDARD = "gnu++0x";
				CLANG_CXX_LIBRARY = "libc++";
				CLANG_ENABLE_MODULES = YES;
				CLANG_ENABLE_OBJC_ARC = YES;
				CLANG_WARN_BOOL_CONVERSION = YES;
				CLANG_WARN_CONSTANT_CONVERSION = YES;
				CLANG_WARN_DIRECT_OBJC_ISA_USAGE = YES_ERROR;
				CLANG_WARN_EMPTY_BODY = YES;
				CLANG_WARN_ENUM_CONVERSION = YES;
				CLANG_WARN_INT_CONVERSION = YES;
				CLANG_WARN_OBJC_ROOT_CLASS = YES_ERROR;
				CLANG_WARN_UNREACHABLE_CODE = YES;
				CLANG_WARN__DUPLICATE_METHOD_MATCH = YES;
				"CODE_SIGN_IDENTITY[sdk=iphoneos*]" = "iPhone Developer";
				COPY_PHASE_STRIP = NO;
				DEBUG_INFORMATION_FORMAT = "dwarf-with-dsym";
				ENABLE_NS_ASSERTIONS = NO;
				ENABLE_STRICT_OBJC_MSGSEND = YES;
				GCC_C_LANGUAGE_STANDARD = gnu99;
				GCC_NO_COMMON_BLOCKS = YES;
				GCC_WARN_64_TO_32_BIT_CONVERSION = YES;
				GCC_WARN_ABOUT_RETURN_TYPE = YES_ERROR;
				GCC_WARN_UNDECLARED_SELECTOR = YES;
				GCC_WARN_UNINITIALIZED_AUTOS = YES_AGGRESSIVE;
				GCC_WARN_UNUSED_FUNCTION = YES;
				GCC_WARN_UNUSED_VARIABLE = YES;
				IPHONEOS_DEPLOYMENT_TARGET = 9.3;
				MTL_ENABLE_DEBUG_INFO = NO;
				SDKROOT = iphoneos;
				TARGETED_DEVICE_FAMILY = "1,2";
				VALIDATE_PRODUCT = YES;
			};
			name = Release;
		};
		1E90669B1CA2E37800A022F3 /* Debug */ = {
			isa = XCBuildConfiguration;
			buildSettings = {
				ASSETCATALOG_COMPILER_APPICON_NAME = AppIcon;
				INFOPLIST_FILE = Qualy/Info.plist;
				LD_RUNPATH_SEARCH_PATHS = "$(inherited) @executable_path/Frameworks";
				PRODUCT_BUNDLE_IDENTIFIER = com.iSOS.Qualy;
				PRODUCT_NAME = "$(TARGET_NAME)";
			};
			name = Debug;
		};
		1E90669C1CA2E37800A022F3 /* Release */ = {
			isa = XCBuildConfiguration;
			buildSettings = {
				ASSETCATALOG_COMPILER_APPICON_NAME = AppIcon;
				INFOPLIST_FILE = Qualy/Info.plist;
				LD_RUNPATH_SEARCH_PATHS = "$(inherited) @executable_path/Frameworks";
				PRODUCT_BUNDLE_IDENTIFIER = com.iSOS.Qualy;
				PRODUCT_NAME = "$(TARGET_NAME)";
			};
			name = Release;
		};
/* End XCBuildConfiguration section */

/* Begin XCConfigurationList section */
		1E9066831CA2E37700A022F3 /* Build configuration list for PBXProject "Qualy" */ = {
			isa = XCConfigurationList;
			buildConfigurations = (
				1E9066981CA2E37800A022F3 /* Debug */,
				1E9066991CA2E37800A022F3 /* Release */,
			);
			defaultConfigurationIsVisible = 0;
			defaultConfigurationName = Release;
		};
		1E90669A1CA2E37800A022F3 /* Build configuration list for PBXNativeTarget "Qualy" */ = {
			isa = XCConfigurationList;
			buildConfigurations = (
				1E90669B1CA2E37800A022F3 /* Debug */,
				1E90669C1CA2E37800A022F3 /* Release */,
			);
			defaultConfigurationIsVisible = 0;
		};
/* End XCConfigurationList section */
	};
	rootObject = 1E9066801CA2E37700A022F3 /* Project object */;
}
